
Microsoft Visual Studio Solution File, Format Version 12.00
# Visual Studio Version 17
VisualStudioVersion = 17.14.36203.30
MinimumVisualStudioVersion = 10.0.40219.1
Project("{FAE04EC0-301F-11D3-BF4B-00C04F79EFBC}") = "FlowKunevDev.Web", "FlowKunevDev.Web\FlowKunevDev.Web.csproj", "{09EC9B6D-EA08-46E4-A082-9D532940ABB2}"
EndProject
Project("{2150E333-8FDC-42A3-9474-1A3956D46DE8}") = "Data", "Data", "{02EA681E-C7D8-13C7-8484-4AC65E1B71E8}"
EndProject
Project("{FAE04EC0-301F-11D3-BF4B-00C04F79EFBC}") = "FlowKunevDev.Data", "FlowKunevDev.Data\FlowKunevDev.Data.csproj", "{B43768E9-53D4-46DE-9D25-DC4B5B779715}"
EndProject
Project("{FAE04EC0-301F-11D3-BF4B-00C04F79EFBC}") = "FlowKunevDev.Data.Models", "FlowKunevDev.Data.Models\FlowKunevDev.Data.Models.csproj", "{9E58CE81-36A1-4EBD-A36E-F7EC0332E246}"
EndProject
Global
	GlobalSection(SolutionConfigurationPlatforms) = preSolution
		Debug|Any CPU = Debug|Any CPU
		Release|Any CPU = Release|Any CPU
	EndGlobalSection
	GlobalSection(ProjectConfigurationPlatforms) = postSolution
		{09EC9B6D-EA08-46E4-A082-9D532940ABB2}.Debug|Any CPU.ActiveCfg = Debug|Any CPU
		{09EC9B6D-EA08-46E4-A082-9D532940ABB2}.Debug|Any CPU.Build.0 = Debug|Any CPU
		{09EC9B6D-EA08-46E4-A082-9D532940ABB2}.Release|Any CPU.ActiveCfg = Release|Any CPU
		{09EC9B6D-EA08-46E4-A082-9D532940ABB2}.Release|Any CPU.Build.0 = Release|Any CPU
		{B43768E9-53D4-46DE-9D25-DC4B5B779715}.Debug|Any CPU.ActiveCfg = Debug|Any CPU
		{B43768E9-53D4-46DE-9D25-DC4B5B779715}.Debug|Any CPU.Build.0 = Debug|Any CPU
		{B43768E9-53D4-46DE-9D25-DC4B5B779715}.Release|Any CPU.ActiveCfg = Release|Any CPU
		{B43768E9-53D4-46DE-9D25-DC4B5B779715}.Release|Any CPU.Build.0 = Release|Any CPU
		{9E58CE81-36A1-4EBD-A36E-F7EC0332E246}.Debug|Any CPU.ActiveCfg = Debug|Any CPU
		{9E58CE81-36A1-4EBD-A36E-F7EC0332E246}.Debug|Any CPU.Build.0 = Debug|Any CPU
		{9E58CE81-36A1-4EBD-A36E-F7EC0332E246}.Release|Any CPU.ActiveCfg = Release|Any CPU
		{9E58CE81-36A1-4EBD-A36E-F7EC0332E246}.Release|Any CPU.Build.0 = Release|Any CPU
	EndGlobalSection
	GlobalSection(SolutionProperties) = preSolution
		HideSolutionNode = FALSE
	EndGlobalSection
	GlobalSection(NestedProjects) = preSolution
		{B43768E9-53D4-46DE-9D25-DC4B5B779715} = {02EA681E-C7D8-13C7-8484-4AC65E1B71E8}
		{9E58CE81-36A1-4EBD-A36E-F7EC0332E246} = {02EA681E-C7D8-13C7-8484-4AC65E1B71E8}
	EndGlobalSection
	GlobalSection(ExtensibilityGlobals) = postSolution
		SolutionGuid = {4010BFF7-64A8-4F16-8CB4-C42904F544A1}
	EndGlobalSection
EndGlobal
